// !$*UTF8*$!
{
	archiveVersion = 1;
	classes = {
	};
	objectVersion = 56;
	objects = {

/* Begin PBXBuildFile section */
		DB06EC6F29910344006A6C6D /* ModuleFactory.swift in Sources */ = {isa = PBXBuildFile; fileRef = DB06EC6E29910344006A6C6D /* ModuleFactory.swift */; };
		DB06EC7129910389006A6C6D /* ModuleFactory+Imp.swift in Sources */ = {isa = PBXBuildFile; fileRef = DB06EC7029910389006A6C6D /* ModuleFactory+Imp.swift */; };
		DB06EC73299104F8006A6C6D /* LoginViewController.swift in Sources */ = {isa = PBXBuildFile; fileRef = DB06EC72299104F8006A6C6D /* LoginViewController.swift */; };
		DB06EC7529910523006A6C6D /* LoginViewController.storyboard in Resources */ = {isa = PBXBuildFile; fileRef = DB06EC7429910523006A6C6D /* LoginViewController.storyboard */; };
		DB06EC772991078B006A6C6D /* LoginView.swift in Sources */ = {isa = PBXBuildFile; fileRef = DB06EC762991078B006A6C6D /* LoginView.swift */; };
		DB812DAD29921D0B00DF17BA /* UserInfoViewModel.swift in Sources */ = {isa = PBXBuildFile; fileRef = DB812DAC29921D0B00DF17BA /* UserInfoViewModel.swift */; };
		DB812DAF29921D3D00DF17BA /* ResourceLoadingPresenter.swift in Sources */ = {isa = PBXBuildFile; fileRef = DB812DAE29921D3D00DF17BA /* ResourceLoadingPresenter.swift */; };
		DB812DB129921D7700DF17BA /* UserInfoEndPoint.swift in Sources */ = {isa = PBXBuildFile; fileRef = DB812DB029921D7700DF17BA /* UserInfoEndPoint.swift */; };
		DB812DB329921D8500DF17BA /* ResourceView.swift in Sources */ = {isa = PBXBuildFile; fileRef = DB812DB229921D8500DF17BA /* ResourceView.swift */; };
		DBA49D8C29922A8B0064B30B /* UserInfoItemMapperTests.swift in Sources */ = {isa = PBXBuildFile; fileRef = DBA49D8B29922A8B0064B30B /* UserInfoItemMapperTests.swift */; };
		DBA49D8D29922B4C0064B30B /* UserInfoViewModel.swift in Sources */ = {isa = PBXBuildFile; fileRef = DB812DAC29921D0B00DF17BA /* UserInfoViewModel.swift */; };
		DBA49D8F29922BD30064B30B /* SharedTestHelper.swift in Sources */ = {isa = PBXBuildFile; fileRef = DBA49D8E29922BD30064B30B /* SharedTestHelper.swift */; };
		DBA49D912992346B0064B30B /* UserInfoUpdateDataAdapter.swift in Sources */ = {isa = PBXBuildFile; fileRef = DBA49D902992346B0064B30B /* UserInfoUpdateDataAdapter.swift */; };
		DBED059F29939DD500DF5DD1 /* UserInfoEndPointTests.swift in Sources */ = {isa = PBXBuildFile; fileRef = DBED059E29939DD500DF5DD1 /* UserInfoEndPointTests.swift */; };
		DBED05A029939DFD00DF5DD1 /* UserInfoEndPoint.swift in Sources */ = {isa = PBXBuildFile; fileRef = DB812DB029921D7700DF17BA /* UserInfoEndPoint.swift */; };
		DBED05A22993A05100DF5DD1 /* ResourceLoadingPresenterTests.swift in Sources */ = {isa = PBXBuildFile; fileRef = DBED05A12993A05100DF5DD1 /* ResourceLoadingPresenterTests.swift */; };
		DBED05A32993A05300DF5DD1 /* ResourceLoadingPresenter.swift in Sources */ = {isa = PBXBuildFile; fileRef = DB812DAE29921D3D00DF17BA /* ResourceLoadingPresenter.swift */; };
		DBED05A42993A09B00DF5DD1 /* ResourceView.swift in Sources */ = {isa = PBXBuildFile; fileRef = DB812DB229921D8500DF17BA /* ResourceView.swift */; };
		DBED05A52993A09F00DF5DD1 /* ResourceErrorView.swift in Sources */ = {isa = PBXBuildFile; fileRef = DBF345312990EA7D0019B286 /* ResourceErrorView.swift */; };
		DBED05A62993A0A200DF5DD1 /* ResourceLoadingView.swift in Sources */ = {isa = PBXBuildFile; fileRef = DBF345282990E98B0019B286 /* ResourceLoadingView.swift */; };
		DBED05A72993A11100DF5DD1 /* ResourceErrorViewModel.swift in Sources */ = {isa = PBXBuildFile; fileRef = DBF3452F2990EA700019B286 /* ResourceErrorViewModel.swift */; };
		DBED05A82993A11600DF5DD1 /* ResourceLoadingViewModel.swift in Sources */ = {isa = PBXBuildFile; fileRef = DBF3452A2990E9BD0019B286 /* ResourceLoadingViewModel.swift */; };
		DBED05AA2993ACA900DF5DD1 /* UserInfoStore.swift in Sources */ = {isa = PBXBuildFile; fileRef = DBED05A92993ACA900DF5DD1 /* UserInfoStore.swift */; };
		DBED05AC29948FFD00DF5DD1 /* LaunchViewController.swift in Sources */ = {isa = PBXBuildFile; fileRef = DBED05AB29948FFD00DF5DD1 /* LaunchViewController.swift */; };
		DBED05AE2994900400DF5DD1 /* LaunchViewController.storyboard in Resources */ = {isa = PBXBuildFile; fileRef = DBED05AD2994900400DF5DD1 /* LaunchViewController.storyboard */; };
		DBED05B0299490A300DF5DD1 /* LaunchView.swift in Sources */ = {isa = PBXBuildFile; fileRef = DBED05AF299490A300DF5DD1 /* LaunchView.swift */; };
		DBED05B32994923200DF5DD1 /* UserInfoView.swift in Sources */ = {isa = PBXBuildFile; fileRef = DBED05B22994923200DF5DD1 /* UserInfoView.swift */; };
		DBED05B929949E6C00DF5DD1 /* Noodoe.png in Resources */ = {isa = PBXBuildFile; fileRef = DBED05B829949E6C00DF5DD1 /* Noodoe.png */; };
		DBF344CB298CFD430019B286 /* AppDelegate.swift in Sources */ = {isa = PBXBuildFile; fileRef = DBF344CA298CFD430019B286 /* AppDelegate.swift */; };
		DBF344CF298CFD430019B286 /* UserInfoViewController.swift in Sources */ = {isa = PBXBuildFile; fileRef = DBF344CE298CFD430019B286 /* UserInfoViewController.swift */; };
		DBF344D4298CFD450019B286 /* Assets.xcassets in Resources */ = {isa = PBXBuildFile; fileRef = DBF344D3298CFD450019B286 /* Assets.xcassets */; };
		DBF344D7298CFD450019B286 /* LaunchScreen.storyboard in Resources */ = {isa = PBXBuildFile; fileRef = DBF344D5298CFD450019B286 /* LaunchScreen.storyboard */; };
		DBF344E2298CFD450019B286 /* BaseCoordinatorTests.swift in Sources */ = {isa = PBXBuildFile; fileRef = DBF344E1298CFD450019B286 /* BaseCoordinatorTests.swift */; };
		DBF344EC298CFD450019B286 /* NoodoeInterviewUITests.swift in Sources */ = {isa = PBXBuildFile; fileRef = DBF344EB298CFD450019B286 /* NoodoeInterviewUITests.swift */; };
		DBF344EE298CFD450019B286 /* NoodoeInterviewUITestsLaunchTests.swift in Sources */ = {isa = PBXBuildFile; fileRef = DBF344ED298CFD450019B286 /* NoodoeInterviewUITestsLaunchTests.swift */; };
		DBF344FB298CFDF20019B286 /* Coordinator.swift in Sources */ = {isa = PBXBuildFile; fileRef = DBF344FA298CFDF20019B286 /* Coordinator.swift */; };
		DBF344FD298CFE000019B286 /* Presentable.swift in Sources */ = {isa = PBXBuildFile; fileRef = DBF344FC298CFE000019B286 /* Presentable.swift */; };
		DBF34500298CFE820019B286 /* BaseCoordinator.swift in Sources */ = {isa = PBXBuildFile; fileRef = DBF344FF298CFE820019B286 /* BaseCoordinator.swift */; };
		DBF34502298D00D10019B286 /* Router.swift in Sources */ = {isa = PBXBuildFile; fileRef = DBF34501298D00D10019B286 /* Router.swift */; };
		DBF34504298D00EC0019B286 /* Router+Imp.swift in Sources */ = {isa = PBXBuildFile; fileRef = DBF34503298D00EC0019B286 /* Router+Imp.swift */; };
		DBF34506298D010C0019B286 /* AppCoordinator.swift in Sources */ = {isa = PBXBuildFile; fileRef = DBF34505298D010C0019B286 /* AppCoordinator.swift */; };
		DBF34508298D01390019B286 /* CoordinatorFactory.swift in Sources */ = {isa = PBXBuildFile; fileRef = DBF34507298D01390019B286 /* CoordinatorFactory.swift */; };
		DBF3450A298D01540019B286 /* CoordinatorFactory+Imp.swift in Sources */ = {isa = PBXBuildFile; fileRef = DBF34509298D01540019B286 /* CoordinatorFactory+Imp.swift */; };
		DBF34514298D122D0019B286 /* XCTestCase+MemoryLeakTracking.swift in Sources */ = {isa = PBXBuildFile; fileRef = DBF34513298D122D0019B286 /* XCTestCase+MemoryLeakTracking.swift */; };
		DBF34517298D14820019B286 /* StoryboardSceneBased.swift in Sources */ = {isa = PBXBuildFile; fileRef = DBF34516298D14820019B286 /* StoryboardSceneBased.swift */; };
		DBF34519298D15010019B286 /* UserInfoViewController.storyboard in Resources */ = {isa = PBXBuildFile; fileRef = DBF34518298D15010019B286 /* UserInfoViewController.storyboard */; };
		DBF3451B2990A9BB0019B286 /* HTTPClient.swift in Sources */ = {isa = PBXBuildFile; fileRef = DBF3451A2990A9BB0019B286 /* HTTPClient.swift */; };
		DBF3451E2990AB3A0019B286 /* URLSessionHTTPClientTests.swift in Sources */ = {isa = PBXBuildFile; fileRef = DBF3451D2990AB3A0019B286 /* URLSessionHTTPClientTests.swift */; };
		DBF345202990AB6E0019B286 /* URLProtocolStub.swift in Sources */ = {isa = PBXBuildFile; fileRef = DBF3451F2990AB6E0019B286 /* URLProtocolStub.swift */; };
		DBF345212990ABB70019B286 /* HTTPClient.swift in Sources */ = {isa = PBXBuildFile; fileRef = DBF3451A2990A9BB0019B286 /* HTTPClient.swift */; };
		DBF345232990ABDD0019B286 /* URLSessionHTTPClient.swift in Sources */ = {isa = PBXBuildFile; fileRef = DBF345222990ABDD0019B286 /* URLSessionHTTPClient.swift */; };
		DBF345242990AE7D0019B286 /* URLSessionHTTPClient.swift in Sources */ = {isa = PBXBuildFile; fileRef = DBF345222990ABDD0019B286 /* URLSessionHTTPClient.swift */; };
		DBF345262990D0F50019B286 /* UserInfoLoginAdapter.swift in Sources */ = {isa = PBXBuildFile; fileRef = DBF345252990D0F50019B286 /* UserInfoLoginAdapter.swift */; };
		DBF345292990E98B0019B286 /* ResourceLoadingView.swift in Sources */ = {isa = PBXBuildFile; fileRef = DBF345282990E98B0019B286 /* ResourceLoadingView.swift */; };
		DBF3452B2990E9BD0019B286 /* ResourceLoadingViewModel.swift in Sources */ = {isa = PBXBuildFile; fileRef = DBF3452A2990E9BD0019B286 /* ResourceLoadingViewModel.swift */; };
		DBF3452E2990E9EA0019B286 /* ParametersEncoder.swift in Sources */ = {isa = PBXBuildFile; fileRef = DBF3452D2990E9EA0019B286 /* ParametersEncoder.swift */; };
		DBF345302990EA700019B286 /* ResourceErrorViewModel.swift in Sources */ = {isa = PBXBuildFile; fileRef = DBF3452F2990EA700019B286 /* ResourceErrorViewModel.swift */; };
		DBF345322990EA7D0019B286 /* ResourceErrorView.swift in Sources */ = {isa = PBXBuildFile; fileRef = DBF345312990EA7D0019B286 /* ResourceErrorView.swift */; };
		DBF345332990EE7E0019B286 /* ParametersEncoder.swift in Sources */ = {isa = PBXBuildFile; fileRef = DBF3452D2990E9EA0019B286 /* ParametersEncoder.swift */; };
/* End PBXBuildFile section */

/* Begin PBXContainerItemProxy section */
		DBF344DE298CFD450019B286 /* PBXContainerItemProxy */ = {
			isa = PBXContainerItemProxy;
			containerPortal = DBF344BF298CFD430019B286 /* Project object */;
			proxyType = 1;
			remoteGlobalIDString = DBF344C6298CFD430019B286;
			remoteInfo = NoodoeInterview;
		};
		DBF344E8298CFD450019B286 /* PBXContainerItemProxy */ = {
			isa = PBXContainerItemProxy;
			containerPortal = DBF344BF298CFD430019B286 /* Project object */;
			proxyType = 1;
			remoteGlobalIDString = DBF344C6298CFD430019B286;
			remoteInfo = NoodoeInterview;
		};
/* End PBXContainerItemProxy section */

/* Begin PBXFileReference section */
		DB06EC6E29910344006A6C6D /* ModuleFactory.swift */ = {isa = PBXFileReference; lastKnownFileType = sourcecode.swift; path = ModuleFactory.swift; sourceTree = "<group>"; };
		DB06EC7029910389006A6C6D /* ModuleFactory+Imp.swift */ = {isa = PBXFileReference; lastKnownFileType = sourcecode.swift; path = "ModuleFactory+Imp.swift"; sourceTree = "<group>"; };
		DB06EC72299104F8006A6C6D /* LoginViewController.swift */ = {isa = PBXFileReference; lastKnownFileType = sourcecode.swift; path = LoginViewController.swift; sourceTree = "<group>"; };
		DB06EC7429910523006A6C6D /* LoginViewController.storyboard */ = {isa = PBXFileReference; lastKnownFileType = file.storyboard; path = LoginViewController.storyboard; sourceTree = "<group>"; };
		DB06EC762991078B006A6C6D /* LoginView.swift */ = {isa = PBXFileReference; lastKnownFileType = sourcecode.swift; path = LoginView.swift; sourceTree = "<group>"; };
		DB812DAC29921D0B00DF17BA /* UserInfoViewModel.swift */ = {isa = PBXFileReference; lastKnownFileType = sourcecode.swift; path = UserInfoViewModel.swift; sourceTree = "<group>"; };
		DB812DAE29921D3D00DF17BA /* ResourceLoadingPresenter.swift */ = {isa = PBXFileReference; lastKnownFileType = sourcecode.swift; path = ResourceLoadingPresenter.swift; sourceTree = "<group>"; };
		DB812DB029921D7700DF17BA /* UserInfoEndPoint.swift */ = {isa = PBXFileReference; lastKnownFileType = sourcecode.swift; path = UserInfoEndPoint.swift; sourceTree = "<group>"; };
		DB812DB229921D8500DF17BA /* ResourceView.swift */ = {isa = PBXFileReference; lastKnownFileType = sourcecode.swift; path = ResourceView.swift; sourceTree = "<group>"; };
		DBA49D8B29922A8B0064B30B /* UserInfoItemMapperTests.swift */ = {isa = PBXFileReference; lastKnownFileType = sourcecode.swift; path = UserInfoItemMapperTests.swift; sourceTree = "<group>"; };
		DBA49D8E29922BD30064B30B /* SharedTestHelper.swift */ = {isa = PBXFileReference; lastKnownFileType = sourcecode.swift; path = SharedTestHelper.swift; sourceTree = "<group>"; };
		DBA49D902992346B0064B30B /* UserInfoUpdateDataAdapter.swift */ = {isa = PBXFileReference; lastKnownFileType = sourcecode.swift; path = UserInfoUpdateDataAdapter.swift; sourceTree = "<group>"; };
		DBED059E29939DD500DF5DD1 /* UserInfoEndPointTests.swift */ = {isa = PBXFileReference; lastKnownFileType = sourcecode.swift; path = UserInfoEndPointTests.swift; sourceTree = "<group>"; };
		DBED05A12993A05100DF5DD1 /* ResourceLoadingPresenterTests.swift */ = {isa = PBXFileReference; lastKnownFileType = sourcecode.swift; path = ResourceLoadingPresenterTests.swift; sourceTree = "<group>"; };
		DBED05A92993ACA900DF5DD1 /* UserInfoStore.swift */ = {isa = PBXFileReference; lastKnownFileType = sourcecode.swift; path = UserInfoStore.swift; sourceTree = "<group>"; };
		DBED05AB29948FFD00DF5DD1 /* LaunchViewController.swift */ = {isa = PBXFileReference; lastKnownFileType = sourcecode.swift; path = LaunchViewController.swift; sourceTree = "<group>"; };
		DBED05AD2994900400DF5DD1 /* LaunchViewController.storyboard */ = {isa = PBXFileReference; lastKnownFileType = file.storyboard; path = LaunchViewController.storyboard; sourceTree = "<group>"; };
		DBED05AF299490A300DF5DD1 /* LaunchView.swift */ = {isa = PBXFileReference; lastKnownFileType = sourcecode.swift; path = LaunchView.swift; sourceTree = "<group>"; };
		DBED05B22994923200DF5DD1 /* UserInfoView.swift */ = {isa = PBXFileReference; lastKnownFileType = sourcecode.swift; path = UserInfoView.swift; sourceTree = "<group>"; };
		DBED05B829949E6C00DF5DD1 /* Noodoe.png */ = {isa = PBXFileReference; lastKnownFileType = image.png; path = Noodoe.png; sourceTree = "<group>"; };
		DBF344C7298CFD430019B286 /* NoodoeInterview.app */ = {isa = PBXFileReference; explicitFileType = wrapper.application; includeInIndex = 0; path = NoodoeInterview.app; sourceTree = BUILT_PRODUCTS_DIR; };
		DBF344CA298CFD430019B286 /* AppDelegate.swift */ = {isa = PBXFileReference; lastKnownFileType = sourcecode.swift; path = AppDelegate.swift; sourceTree = "<group>"; };
		DBF344CE298CFD430019B286 /* UserInfoViewController.swift */ = {isa = PBXFileReference; lastKnownFileType = sourcecode.swift; path = UserInfoViewController.swift; sourceTree = "<group>"; };
		DBF344D3298CFD450019B286 /* Assets.xcassets */ = {isa = PBXFileReference; lastKnownFileType = folder.assetcatalog; path = Assets.xcassets; sourceTree = "<group>"; };
		DBF344D6298CFD450019B286 /* Base */ = {isa = PBXFileReference; lastKnownFileType = file.storyboard; name = Base; path = Base.lproj/LaunchScreen.storyboard; sourceTree = "<group>"; };
		DBF344D8298CFD450019B286 /* Info.plist */ = {isa = PBXFileReference; lastKnownFileType = text.plist.xml; path = Info.plist; sourceTree = "<group>"; };
		DBF344DD298CFD450019B286 /* NoodoeInterviewTests.xctest */ = {isa = PBXFileReference; explicitFileType = wrapper.cfbundle; includeInIndex = 0; path = NoodoeInterviewTests.xctest; sourceTree = BUILT_PRODUCTS_DIR; };
		DBF344E1298CFD450019B286 /* BaseCoordinatorTests.swift */ = {isa = PBXFileReference; lastKnownFileType = sourcecode.swift; path = BaseCoordinatorTests.swift; sourceTree = "<group>"; };
		DBF344E7298CFD450019B286 /* NoodoeInterviewUITests.xctest */ = {isa = PBXFileReference; explicitFileType = wrapper.cfbundle; includeInIndex = 0; path = NoodoeInterviewUITests.xctest; sourceTree = BUILT_PRODUCTS_DIR; };
		DBF344EB298CFD450019B286 /* NoodoeInterviewUITests.swift */ = {isa = PBXFileReference; lastKnownFileType = sourcecode.swift; path = NoodoeInterviewUITests.swift; sourceTree = "<group>"; };
		DBF344ED298CFD450019B286 /* NoodoeInterviewUITestsLaunchTests.swift */ = {isa = PBXFileReference; lastKnownFileType = sourcecode.swift; path = NoodoeInterviewUITestsLaunchTests.swift; sourceTree = "<group>"; };
		DBF344FA298CFDF20019B286 /* Coordinator.swift */ = {isa = PBXFileReference; lastKnownFileType = sourcecode.swift; path = Coordinator.swift; sourceTree = "<group>"; };
		DBF344FC298CFE000019B286 /* Presentable.swift */ = {isa = PBXFileReference; lastKnownFileType = sourcecode.swift; path = Presentable.swift; sourceTree = "<group>"; };
		DBF344FF298CFE820019B286 /* BaseCoordinator.swift */ = {isa = PBXFileReference; lastKnownFileType = sourcecode.swift; path = BaseCoordinator.swift; sourceTree = "<group>"; };
		DBF34501298D00D10019B286 /* Router.swift */ = {isa = PBXFileReference; lastKnownFileType = sourcecode.swift; path = Router.swift; sourceTree = "<group>"; };
		DBF34503298D00EC0019B286 /* Router+Imp.swift */ = {isa = PBXFileReference; lastKnownFileType = sourcecode.swift; path = "Router+Imp.swift"; sourceTree = "<group>"; };
		DBF34505298D010C0019B286 /* AppCoordinator.swift */ = {isa = PBXFileReference; lastKnownFileType = sourcecode.swift; path = AppCoordinator.swift; sourceTree = "<group>"; };
		DBF34507298D01390019B286 /* CoordinatorFactory.swift */ = {isa = PBXFileReference; lastKnownFileType = sourcecode.swift; path = CoordinatorFactory.swift; sourceTree = "<group>"; };
		DBF34509298D01540019B286 /* CoordinatorFactory+Imp.swift */ = {isa = PBXFileReference; lastKnownFileType = sourcecode.swift; path = "CoordinatorFactory+Imp.swift"; sourceTree = "<group>"; };
		DBF34513298D122D0019B286 /* XCTestCase+MemoryLeakTracking.swift */ = {isa = PBXFileReference; lastKnownFileType = sourcecode.swift; path = "XCTestCase+MemoryLeakTracking.swift"; sourceTree = "<group>"; };
		DBF34516298D14820019B286 /* StoryboardSceneBased.swift */ = {isa = PBXFileReference; lastKnownFileType = sourcecode.swift; path = StoryboardSceneBased.swift; sourceTree = "<group>"; };
		DBF34518298D15010019B286 /* UserInfoViewController.storyboard */ = {isa = PBXFileReference; lastKnownFileType = file.storyboard; path = UserInfoViewController.storyboard; sourceTree = "<group>"; };
		DBF3451A2990A9BB0019B286 /* HTTPClient.swift */ = {isa = PBXFileReference; lastKnownFileType = sourcecode.swift; path = HTTPClient.swift; sourceTree = "<group>"; };
		DBF3451D2990AB3A0019B286 /* URLSessionHTTPClientTests.swift */ = {isa = PBXFileReference; lastKnownFileType = sourcecode.swift; path = URLSessionHTTPClientTests.swift; sourceTree = "<group>"; };
		DBF3451F2990AB6E0019B286 /* URLProtocolStub.swift */ = {isa = PBXFileReference; lastKnownFileType = sourcecode.swift; path = URLProtocolStub.swift; sourceTree = "<group>"; };
		DBF345222990ABDD0019B286 /* URLSessionHTTPClient.swift */ = {isa = PBXFileReference; lastKnownFileType = sourcecode.swift; path = URLSessionHTTPClient.swift; sourceTree = "<group>"; };
		DBF345252990D0F50019B286 /* UserInfoLoginAdapter.swift */ = {isa = PBXFileReference; lastKnownFileType = sourcecode.swift; path = UserInfoLoginAdapter.swift; sourceTree = "<group>"; };
		DBF345282990E98B0019B286 /* ResourceLoadingView.swift */ = {isa = PBXFileReference; lastKnownFileType = sourcecode.swift; path = ResourceLoadingView.swift; sourceTree = "<group>"; };
		DBF3452A2990E9BD0019B286 /* ResourceLoadingViewModel.swift */ = {isa = PBXFileReference; lastKnownFileType = sourcecode.swift; path = ResourceLoadingViewModel.swift; sourceTree = "<group>"; };
		DBF3452D2990E9EA0019B286 /* ParametersEncoder.swift */ = {isa = PBXFileReference; lastKnownFileType = sourcecode.swift; path = ParametersEncoder.swift; sourceTree = "<group>"; };
		DBF3452F2990EA700019B286 /* ResourceErrorViewModel.swift */ = {isa = PBXFileReference; lastKnownFileType = sourcecode.swift; path = ResourceErrorViewModel.swift; sourceTree = "<group>"; };
		DBF345312990EA7D0019B286 /* ResourceErrorView.swift */ = {isa = PBXFileReference; lastKnownFileType = sourcecode.swift; path = ResourceErrorView.swift; sourceTree = "<group>"; };
/* End PBXFileReference section */

/* Begin PBXFrameworksBuildPhase section */
		DBF344C4298CFD430019B286 /* Frameworks */ = {
			isa = PBXFrameworksBuildPhase;
			buildActionMask = 2147483647;
			files = (
			);
			runOnlyForDeploymentPostprocessing = 0;
		};
		DBF344DA298CFD450019B286 /* Frameworks */ = {
			isa = PBXFrameworksBuildPhase;
			buildActionMask = 2147483647;
			files = (
			);
			runOnlyForDeploymentPostprocessing = 0;
		};
		DBF344E4298CFD450019B286 /* Frameworks */ = {
			isa = PBXFrameworksBuildPhase;
			buildActionMask = 2147483647;
			files = (
			);
			runOnlyForDeploymentPostprocessing = 0;
		};
/* End PBXFrameworksBuildPhase section */

/* Begin PBXGroup section */
		DB06EC7829910881006A6C6D /* Login */ = {
			isa = PBXGroup;
			children = (
				DB06EC762991078B006A6C6D /* LoginView.swift */,
				DB06EC72299104F8006A6C6D /* LoginViewController.swift */,
				DB06EC7429910523006A6C6D /* LoginViewController.storyboard */,
			);
			path = Login;
			sourceTree = "<group>";
		};
		DB06EC7929910887006A6C6D /* UserInfo */ = {
			isa = PBXGroup;
			children = (
				DBED05B22994923200DF5DD1 /* UserInfoView.swift */,
				DBF344CE298CFD430019B286 /* UserInfoViewController.swift */,
				DBF34518298D15010019B286 /* UserInfoViewController.storyboard */,
			);
			path = UserInfo;
			sourceTree = "<group>";
		};
		DB06EC7A29910894006A6C6D /* Flow */ = {
			isa = PBXGroup;
			children = (
				DBED05B12994913C00DF5DD1 /* Launch */,
				DB06EC7929910887006A6C6D /* UserInfo */,
				DB06EC7829910881006A6C6D /* Login */,
			);
			path = Flow;
			sourceTree = "<group>";
		};
		DBED05B12994913C00DF5DD1 /* Launch */ = {
			isa = PBXGroup;
			children = (
				DBED05AF299490A300DF5DD1 /* LaunchView.swift */,
				DBED05AB29948FFD00DF5DD1 /* LaunchViewController.swift */,
				DBED05AD2994900400DF5DD1 /* LaunchViewController.storyboard */,
			);
			path = Launch;
			sourceTree = "<group>";
		};
		DBF344BE298CFD430019B286 = {
			isa = PBXGroup;
			children = (
				DBED05B829949E6C00DF5DD1 /* Noodoe.png */,
				DBF344C9298CFD430019B286 /* NoodoeInterview */,
				DBF344E0298CFD450019B286 /* NoodoeInterviewTests */,
				DBF344EA298CFD450019B286 /* NoodoeInterviewUITests */,
				DBF344C8298CFD430019B286 /* Products */,
			);
			sourceTree = "<group>";
		};
		DBF344C8298CFD430019B286 /* Products */ = {
			isa = PBXGroup;
			children = (
				DBF344C7298CFD430019B286 /* NoodoeInterview.app */,
				DBF344DD298CFD450019B286 /* NoodoeInterviewTests.xctest */,
				DBF344E7298CFD450019B286 /* NoodoeInterviewUITests.xctest */,
			);
			name = Products;
			sourceTree = "<group>";
		};
		DBF344C9298CFD430019B286 /* NoodoeInterview */ = {
			isa = PBXGroup;
			children = (
				DBF344CA298CFD430019B286 /* AppDelegate.swift */,
				DBF34505298D010C0019B286 /* AppCoordinator.swift */,
				DBF3450B298D01AD0019B286 /* Protocol */,
				DBF3450D298D01E00019B286 /* Router */,
				DBF3450C298D01CD0019B286 /* Factory */,
				DB06EC7A29910894006A6C6D /* Flow */,
				DBF345272990D19F0019B286 /* UserInfoModule */,
				DBF3451C2990A9C40019B286 /* Shared API */,
				DBF3452C2990E9CE0019B286 /* Shared Presentation */,
				DBF34512298D03CD0019B286 /* Resources */,
			);
			path = NoodoeInterview;
			sourceTree = "<group>";
		};
		DBF344E0298CFD450019B286 /* NoodoeInterviewTests */ = {
			isa = PBXGroup;
			children = (
				DBF344E1298CFD450019B286 /* BaseCoordinatorTests.swift */,
				DBF3451D2990AB3A0019B286 /* URLSessionHTTPClientTests.swift */,
				DBA49D8B29922A8B0064B30B /* UserInfoItemMapperTests.swift */,
				DBED059E29939DD500DF5DD1 /* UserInfoEndPointTests.swift */,
				DBED05A12993A05100DF5DD1 /* ResourceLoadingPresenterTests.swift */,
				DBF34515298D125F0019B286 /* Helpers */,
			);
			path = NoodoeInterviewTests;
			sourceTree = "<group>";
		};
		DBF344EA298CFD450019B286 /* NoodoeInterviewUITests */ = {
			isa = PBXGroup;
			children = (
				DBF344EB298CFD450019B286 /* NoodoeInterviewUITests.swift */,
				DBF344ED298CFD450019B286 /* NoodoeInterviewUITestsLaunchTests.swift */,
			);
			path = NoodoeInterviewUITests;
			sourceTree = "<group>";
		};
		DBF3450B298D01AD0019B286 /* Protocol */ = {
			isa = PBXGroup;
			children = (
				DBF34516298D14820019B286 /* StoryboardSceneBased.swift */,
				DBF344FA298CFDF20019B286 /* Coordinator.swift */,
				DBF344FC298CFE000019B286 /* Presentable.swift */,
				DBF3450E298D02820019B286 /* Parents */,
			);
			path = Protocol;
			sourceTree = "<group>";
		};
		DBF3450C298D01CD0019B286 /* Factory */ = {
			isa = PBXGroup;
			children = (
				DBF34507298D01390019B286 /* CoordinatorFactory.swift */,
				DBF34509298D01540019B286 /* CoordinatorFactory+Imp.swift */,
				DB06EC6E29910344006A6C6D /* ModuleFactory.swift */,
				DB06EC7029910389006A6C6D /* ModuleFactory+Imp.swift */,
			);
			path = Factory;
			sourceTree = "<group>";
		};
		DBF3450D298D01E00019B286 /* Router */ = {
			isa = PBXGroup;
			children = (
				DBF34501298D00D10019B286 /* Router.swift */,
				DBF34503298D00EC0019B286 /* Router+Imp.swift */,
			);
			path = Router;
			sourceTree = "<group>";
		};
		DBF3450E298D02820019B286 /* Parents */ = {
			isa = PBXGroup;
			children = (
				DBF344FF298CFE820019B286 /* BaseCoordinator.swift */,
			);
			path = Parents;
			sourceTree = "<group>";
		};
		DBF34512298D03CD0019B286 /* Resources */ = {
			isa = PBXGroup;
			children = (
				DBF344D3298CFD450019B286 /* Assets.xcassets */,
				DBF344D5298CFD450019B286 /* LaunchScreen.storyboard */,
				DBF344D8298CFD450019B286 /* Info.plist */,
			);
			path = Resources;
			sourceTree = "<group>";
		};
		DBF34515298D125F0019B286 /* Helpers */ = {
			isa = PBXGroup;
			children = (
				DBA49D8E29922BD30064B30B /* SharedTestHelper.swift */,
				DBF34513298D122D0019B286 /* XCTestCase+MemoryLeakTracking.swift */,
				DBF3451F2990AB6E0019B286 /* URLProtocolStub.swift */,
			);
			path = Helpers;
			sourceTree = "<group>";
		};
		DBF3451C2990A9C40019B286 /* Shared API */ = {
			isa = PBXGroup;
			children = (
				DBF3451A2990A9BB0019B286 /* HTTPClient.swift */,
				DBF345222990ABDD0019B286 /* URLSessionHTTPClient.swift */,
				DBF3452D2990E9EA0019B286 /* ParametersEncoder.swift */,
			);
			path = "Shared API";
			sourceTree = "<group>";
		};
		DBF345272990D19F0019B286 /* UserInfoModule */ = {
			isa = PBXGroup;
			children = (
				DBF345252990D0F50019B286 /* UserInfoLoginAdapter.swift */,
				DBA49D902992346B0064B30B /* UserInfoUpdateDataAdapter.swift */,
				DB812DAC29921D0B00DF17BA /* UserInfoViewModel.swift */,
				DB812DB029921D7700DF17BA /* UserInfoEndPoint.swift */,
				DBED05A92993ACA900DF5DD1 /* UserInfoStore.swift */,
			);
			path = UserInfoModule;
			sourceTree = "<group>";
		};
		DBF3452C2990E9CE0019B286 /* Shared Presentation */ = {
			isa = PBXGroup;
			children = (
				DBF345282990E98B0019B286 /* ResourceLoadingView.swift */,
				DBF3452A2990E9BD0019B286 /* ResourceLoadingViewModel.swift */,
				DBF345312990EA7D0019B286 /* ResourceErrorView.swift */,
				DBF3452F2990EA700019B286 /* ResourceErrorViewModel.swift */,
				DB812DAE29921D3D00DF17BA /* ResourceLoadingPresenter.swift */,
				DB812DB229921D8500DF17BA /* ResourceView.swift */,
			);
			path = "Shared Presentation";
			sourceTree = "<group>";
		};
/* End PBXGroup section */

/* Begin PBXNativeTarget section */
		DBF344C6298CFD430019B286 /* NoodoeInterview */ = {
			isa = PBXNativeTarget;
			buildConfigurationList = DBF344F1298CFD450019B286 /* Build configuration list for PBXNativeTarget "NoodoeInterview" */;
			buildPhases = (
				DBF344C3298CFD430019B286 /* Sources */,
				DBF344C4298CFD430019B286 /* Frameworks */,
				DBF344C5298CFD430019B286 /* Resources */,
			);
			buildRules = (
			);
			dependencies = (
			);
			name = NoodoeInterview;
			productName = NoodoeInterview;
			productReference = DBF344C7298CFD430019B286 /* NoodoeInterview.app */;
			productType = "com.apple.product-type.application";
		};
		DBF344DC298CFD450019B286 /* NoodoeInterviewTests */ = {
			isa = PBXNativeTarget;
			buildConfigurationList = DBF344F4298CFD450019B286 /* Build configuration list for PBXNativeTarget "NoodoeInterviewTests" */;
			buildPhases = (
				DBF344D9298CFD450019B286 /* Sources */,
				DBF344DA298CFD450019B286 /* Frameworks */,
				DBF344DB298CFD450019B286 /* Resources */,
			);
			buildRules = (
			);
			dependencies = (
				DBF344DF298CFD450019B286 /* PBXTargetDependency */,
			);
			name = NoodoeInterviewTests;
			productName = NoodoeInterviewTests;
			productReference = DBF344DD298CFD450019B286 /* NoodoeInterviewTests.xctest */;
			productType = "com.apple.product-type.bundle.unit-test";
		};
		DBF344E6298CFD450019B286 /* NoodoeInterviewUITests */ = {
			isa = PBXNativeTarget;
			buildConfigurationList = DBF344F7298CFD450019B286 /* Build configuration list for PBXNativeTarget "NoodoeInterviewUITests" */;
			buildPhases = (
				DBF344E3298CFD450019B286 /* Sources */,
				DBF344E4298CFD450019B286 /* Frameworks */,
				DBF344E5298CFD450019B286 /* Resources */,
			);
			buildRules = (
			);
			dependencies = (
				DBF344E9298CFD450019B286 /* PBXTargetDependency */,
			);
			name = NoodoeInterviewUITests;
			productName = NoodoeInterviewUITests;
			productReference = DBF344E7298CFD450019B286 /* NoodoeInterviewUITests.xctest */;
			productType = "com.apple.product-type.bundle.ui-testing";
		};
/* End PBXNativeTarget section */

/* Begin PBXProject section */
		DBF344BF298CFD430019B286 /* Project object */ = {
			isa = PBXProject;
			attributes = {
				BuildIndependentTargetsInParallel = 1;
				LastSwiftUpdateCheck = 1420;
				LastUpgradeCheck = 1420;
				TargetAttributes = {
					DBF344C6298CFD430019B286 = {
						CreatedOnToolsVersion = 14.2;
					};
					DBF344DC298CFD450019B286 = {
						CreatedOnToolsVersion = 14.2;
						TestTargetID = DBF344C6298CFD430019B286;
					};
					DBF344E6298CFD450019B286 = {
						CreatedOnToolsVersion = 14.2;
						TestTargetID = DBF344C6298CFD430019B286;
					};
				};
			};
			buildConfigurationList = DBF344C2298CFD430019B286 /* Build configuration list for PBXProject "NoodoeInterview" */;
			compatibilityVersion = "Xcode 14.0";
			developmentRegion = en;
			hasScannedForEncodings = 0;
			knownRegions = (
				en,
				Base,
			);
			mainGroup = DBF344BE298CFD430019B286;
			productRefGroup = DBF344C8298CFD430019B286 /* Products */;
			projectDirPath = "";
			projectRoot = "";
			targets = (
				DBF344C6298CFD430019B286 /* NoodoeInterview */,
				DBF344DC298CFD450019B286 /* NoodoeInterviewTests */,
				DBF344E6298CFD450019B286 /* NoodoeInterviewUITests */,
			);
		};
/* End PBXProject section */

/* Begin PBXResourcesBuildPhase section */
		DBF344C5298CFD430019B286 /* Resources */ = {
			isa = PBXResourcesBuildPhase;
			buildActionMask = 2147483647;
			files = (
				DBF344D7298CFD450019B286 /* LaunchScreen.storyboard in Resources */,
				DBED05B929949E6C00DF5DD1 /* Noodoe.png in Resources */,
				DB06EC7529910523006A6C6D /* LoginViewController.storyboard in Resources */,
				DBF34519298D15010019B286 /* UserInfoViewController.storyboard in Resources */,
				DBED05AE2994900400DF5DD1 /* LaunchViewController.storyboard in Resources */,
				DBF344D4298CFD450019B286 /* Assets.xcassets in Resources */,
			);
			runOnlyForDeploymentPostprocessing = 0;
		};
		DBF344DB298CFD450019B286 /* Resources */ = {
			isa = PBXResourcesBuildPhase;
			buildActionMask = 2147483647;
			files = (
			);
			runOnlyForDeploymentPostprocessing = 0;
		};
		DBF344E5298CFD450019B286 /* Resources */ = {
			isa = PBXResourcesBuildPhase;
			buildActionMask = 2147483647;
			files = (
			);
			runOnlyForDeploymentPostprocessing = 0;
		};
/* End PBXResourcesBuildPhase section */

/* Begin PBXSourcesBuildPhase section */
		DBF344C3298CFD430019B286 /* Sources */ = {
			isa = PBXSourcesBuildPhase;
			buildActionMask = 2147483647;
			files = (
				DBF344FB298CFDF20019B286 /* Coordinator.swift in Sources */,
				DBED05AC29948FFD00DF5DD1 /* LaunchViewController.swift in Sources */,
				DBF34500298CFE820019B286 /* BaseCoordinator.swift in Sources */,
				DBF345262990D0F50019B286 /* UserInfoLoginAdapter.swift in Sources */,
				DBF345322990EA7D0019B286 /* ResourceErrorView.swift in Sources */,
				DB06EC772991078B006A6C6D /* LoginView.swift in Sources */,
				DBF3452E2990E9EA0019B286 /* ParametersEncoder.swift in Sources */,
				DBF3451B2990A9BB0019B286 /* HTTPClient.swift in Sources */,
				DBED05AA2993ACA900DF5DD1 /* UserInfoStore.swift in Sources */,
				DBF344CF298CFD430019B286 /* UserInfoViewController.swift in Sources */,
				DBF34504298D00EC0019B286 /* Router+Imp.swift in Sources */,
				DBF345302990EA700019B286 /* ResourceErrorViewModel.swift in Sources */,
				DBF34506298D010C0019B286 /* AppCoordinator.swift in Sources */,
				DBA49D912992346B0064B30B /* UserInfoUpdateDataAdapter.swift in Sources */,
				DB812DB329921D8500DF17BA /* ResourceView.swift in Sources */,
				DB06EC73299104F8006A6C6D /* LoginViewController.swift in Sources */,
				DBED05B0299490A300DF5DD1 /* LaunchView.swift in Sources */,
				DBF345232990ABDD0019B286 /* URLSessionHTTPClient.swift in Sources */,
				DB06EC7129910389006A6C6D /* ModuleFactory+Imp.swift in Sources */,
				DBED05B32994923200DF5DD1 /* UserInfoView.swift in Sources */,
				DBF344CB298CFD430019B286 /* AppDelegate.swift in Sources */,
				DB06EC6F29910344006A6C6D /* ModuleFactory.swift in Sources */,
				DBF34508298D01390019B286 /* CoordinatorFactory.swift in Sources */,
				DB812DAD29921D0B00DF17BA /* UserInfoViewModel.swift in Sources */,
				DBF34502298D00D10019B286 /* Router.swift in Sources */,
				DBF3452B2990E9BD0019B286 /* ResourceLoadingViewModel.swift in Sources */,
				DB812DAF29921D3D00DF17BA /* ResourceLoadingPresenter.swift in Sources */,
				DBF3450A298D01540019B286 /* CoordinatorFactory+Imp.swift in Sources */,
				DBF345292990E98B0019B286 /* ResourceLoadingView.swift in Sources */,
				DB812DB129921D7700DF17BA /* UserInfoEndPoint.swift in Sources */,
				DBF34517298D14820019B286 /* StoryboardSceneBased.swift in Sources */,
				DBF344FD298CFE000019B286 /* Presentable.swift in Sources */,
			);
			runOnlyForDeploymentPostprocessing = 0;
		};
		DBF344D9298CFD450019B286 /* Sources */ = {
			isa = PBXSourcesBuildPhase;
			buildActionMask = 2147483647;
			files = (
				DBF345332990EE7E0019B286 /* ParametersEncoder.swift in Sources */,
				DBED05A029939DFD00DF5DD1 /* UserInfoEndPoint.swift in Sources */,
				DBF344E2298CFD450019B286 /* BaseCoordinatorTests.swift in Sources */,
				DBED05A62993A0A200DF5DD1 /* ResourceLoadingView.swift in Sources */,
				DBA49D8F29922BD30064B30B /* SharedTestHelper.swift in Sources */,
				DBA49D8D29922B4C0064B30B /* UserInfoViewModel.swift in Sources */,
				DBA49D8C29922A8B0064B30B /* UserInfoItemMapperTests.swift in Sources */,
				DBED05A82993A11600DF5DD1 /* ResourceLoadingViewModel.swift in Sources */,
				DBED05A72993A11100DF5DD1 /* ResourceErrorViewModel.swift in Sources */,
				DBF345212990ABB70019B286 /* HTTPClient.swift in Sources */,
				DBED05A32993A05300DF5DD1 /* ResourceLoadingPresenter.swift in Sources */,
				DBF3451E2990AB3A0019B286 /* URLSessionHTTPClientTests.swift in Sources */,
				DBF34514298D122D0019B286 /* XCTestCase+MemoryLeakTracking.swift in Sources */,
				DBF345202990AB6E0019B286 /* URLProtocolStub.swift in Sources */,
				DBED05A42993A09B00DF5DD1 /* ResourceView.swift in Sources */,
				DBED059F29939DD500DF5DD1 /* UserInfoEndPointTests.swift in Sources */,
				DBED05A22993A05100DF5DD1 /* ResourceLoadingPresenterTests.swift in Sources */,
				DBF345242990AE7D0019B286 /* URLSessionHTTPClient.swift in Sources */,
				DBED05A52993A09F00DF5DD1 /* ResourceErrorView.swift in Sources */,
			);
			runOnlyForDeploymentPostprocessing = 0;
		};
		DBF344E3298CFD450019B286 /* Sources */ = {
			isa = PBXSourcesBuildPhase;
			buildActionMask = 2147483647;
			files = (
				DBF344EE298CFD450019B286 /* NoodoeInterviewUITestsLaunchTests.swift in Sources */,
				DBF344EC298CFD450019B286 /* NoodoeInterviewUITests.swift in Sources */,
			);
			runOnlyForDeploymentPostprocessing = 0;
		};
/* End PBXSourcesBuildPhase section */

/* Begin PBXTargetDependency section */
		DBF344DF298CFD450019B286 /* PBXTargetDependency */ = {
			isa = PBXTargetDependency;
			target = DBF344C6298CFD430019B286 /* NoodoeInterview */;
			targetProxy = DBF344DE298CFD450019B286 /* PBXContainerItemProxy */;
		};
		DBF344E9298CFD450019B286 /* PBXTargetDependency */ = {
			isa = PBXTargetDependency;
			target = DBF344C6298CFD430019B286 /* NoodoeInterview */;
			targetProxy = DBF344E8298CFD450019B286 /* PBXContainerItemProxy */;
		};
/* End PBXTargetDependency section */

/* Begin PBXVariantGroup section */
		DBF344D5298CFD450019B286 /* LaunchScreen.storyboard */ = {
			isa = PBXVariantGroup;
			children = (
				DBF344D6298CFD450019B286 /* Base */,
			);
			name = LaunchScreen.storyboard;
			sourceTree = "<group>";
		};
/* End PBXVariantGroup section */

/* Begin XCBuildConfiguration section */
		DBF344EF298CFD450019B286 /* Debug */ = {
			isa = XCBuildConfiguration;
			buildSettings = {
				ALWAYS_SEARCH_USER_PATHS = NO;
				CLANG_ANALYZER_NONNULL = YES;
				CLANG_ANALYZER_NUMBER_OBJECT_CONVERSION = YES_AGGRESSIVE;
				CLANG_CXX_LANGUAGE_STANDARD = "gnu++20";
				CLANG_ENABLE_MODULES = YES;
				CLANG_ENABLE_OBJC_ARC = YES;
				CLANG_ENABLE_OBJC_WEAK = YES;
				CLANG_WARN_BLOCK_CAPTURE_AUTORELEASING = YES;
				CLANG_WARN_BOOL_CONVERSION = YES;
				CLANG_WARN_COMMA = YES;
				CLANG_WARN_CONSTANT_CONVERSION = YES;
				CLANG_WARN_DEPRECATED_OBJC_IMPLEMENTATIONS = YES;
				CLANG_WARN_DIRECT_OBJC_ISA_USAGE = YES_ERROR;
				CLANG_WARN_DOCUMENTATION_COMMENTS = YES;
				CLANG_WARN_EMPTY_BODY = YES;
				CLANG_WARN_ENUM_CONVERSION = YES;
				CLANG_WARN_INFINITE_RECURSION = YES;
				CLANG_WARN_INT_CONVERSION = YES;
				CLANG_WARN_NON_LITERAL_NULL_CONVERSION = YES;
				CLANG_WARN_OBJC_IMPLICIT_RETAIN_SELF = YES;
				CLANG_WARN_OBJC_LITERAL_CONVERSION = YES;
				CLANG_WARN_OBJC_ROOT_CLASS = YES_ERROR;
				CLANG_WARN_QUOTED_INCLUDE_IN_FRAMEWORK_HEADER = YES;
				CLANG_WARN_RANGE_LOOP_ANALYSIS = YES;
				CLANG_WARN_STRICT_PROTOTYPES = YES;
				CLANG_WARN_SUSPICIOUS_MOVE = YES;
				CLANG_WARN_UNGUARDED_AVAILABILITY = YES_AGGRESSIVE;
				CLANG_WARN_UNREACHABLE_CODE = YES;
				CLANG_WARN__DUPLICATE_METHOD_MATCH = YES;
				COPY_PHASE_STRIP = NO;
				DEBUG_INFORMATION_FORMAT = dwarf;
				ENABLE_STRICT_OBJC_MSGSEND = YES;
				ENABLE_TESTABILITY = YES;
				GCC_C_LANGUAGE_STANDARD = gnu11;
				GCC_DYNAMIC_NO_PIC = NO;
				GCC_NO_COMMON_BLOCKS = YES;
				GCC_OPTIMIZATION_LEVEL = 0;
				GCC_PREPROCESSOR_DEFINITIONS = (
					"DEBUG=1",
					"$(inherited)",
				);
				GCC_WARN_64_TO_32_BIT_CONVERSION = YES;
				GCC_WARN_ABOUT_RETURN_TYPE = YES_ERROR;
				GCC_WARN_UNDECLARED_SELECTOR = YES;
				GCC_WARN_UNINITIALIZED_AUTOS = YES_AGGRESSIVE;
				GCC_WARN_UNUSED_FUNCTION = YES;
				GCC_WARN_UNUSED_VARIABLE = YES;
				IPHONEOS_DEPLOYMENT_TARGET = 16.2;
				MTL_ENABLE_DEBUG_INFO = INCLUDE_SOURCE;
				MTL_FAST_MATH = YES;
				ONLY_ACTIVE_ARCH = YES;
				SDKROOT = iphoneos;
				SWIFT_ACTIVE_COMPILATION_CONDITIONS = DEBUG;
				SWIFT_OPTIMIZATION_LEVEL = "-Onone";
			};
			name = Debug;
		};
		DBF344F0298CFD450019B286 /* Release */ = {
			isa = XCBuildConfiguration;
			buildSettings = {
				ALWAYS_SEARCH_USER_PATHS = NO;
				CLANG_ANALYZER_NONNULL = YES;
				CLANG_ANALYZER_NUMBER_OBJECT_CONVERSION = YES_AGGRESSIVE;
				CLANG_CXX_LANGUAGE_STANDARD = "gnu++20";
				CLANG_ENABLE_MODULES = YES;
				CLANG_ENABLE_OBJC_ARC = YES;
				CLANG_ENABLE_OBJC_WEAK = YES;
				CLANG_WARN_BLOCK_CAPTURE_AUTORELEASING = YES;
				CLANG_WARN_BOOL_CONVERSION = YES;
				CLANG_WARN_COMMA = YES;
				CLANG_WARN_CONSTANT_CONVERSION = YES;
				CLANG_WARN_DEPRECATED_OBJC_IMPLEMENTATIONS = YES;
				CLANG_WARN_DIRECT_OBJC_ISA_USAGE = YES_ERROR;
				CLANG_WARN_DOCUMENTATION_COMMENTS = YES;
				CLANG_WARN_EMPTY_BODY = YES;
				CLANG_WARN_ENUM_CONVERSION = YES;
				CLANG_WARN_INFINITE_RECURSION = YES;
				CLANG_WARN_INT_CONVERSION = YES;
				CLANG_WARN_NON_LITERAL_NULL_CONVERSION = YES;
				CLANG_WARN_OBJC_IMPLICIT_RETAIN_SELF = YES;
				CLANG_WARN_OBJC_LITERAL_CONVERSION = YES;
				CLANG_WARN_OBJC_ROOT_CLASS = YES_ERROR;
				CLANG_WARN_QUOTED_INCLUDE_IN_FRAMEWORK_HEADER = YES;
				CLANG_WARN_RANGE_LOOP_ANALYSIS = YES;
				CLANG_WARN_STRICT_PROTOTYPES = YES;
				CLANG_WARN_SUSPICIOUS_MOVE = YES;
				CLANG_WARN_UNGUARDED_AVAILABILITY = YES_AGGRESSIVE;
				CLANG_WARN_UNREACHABLE_CODE = YES;
				CLANG_WARN__DUPLICATE_METHOD_MATCH = YES;
				COPY_PHASE_STRIP = NO;
				DEBUG_INFORMATION_FORMAT = "dwarf-with-dsym";
				ENABLE_NS_ASSERTIONS = NO;
				ENABLE_STRICT_OBJC_MSGSEND = YES;
				GCC_C_LANGUAGE_STANDARD = gnu11;
				GCC_NO_COMMON_BLOCKS = YES;
				GCC_WARN_64_TO_32_BIT_CONVERSION = YES;
				GCC_WARN_ABOUT_RETURN_TYPE = YES_ERROR;
				GCC_WARN_UNDECLARED_SELECTOR = YES;
				GCC_WARN_UNINITIALIZED_AUTOS = YES_AGGRESSIVE;
				GCC_WARN_UNUSED_FUNCTION = YES;
				GCC_WARN_UNUSED_VARIABLE = YES;
				IPHONEOS_DEPLOYMENT_TARGET = 16.2;
				MTL_ENABLE_DEBUG_INFO = NO;
				MTL_FAST_MATH = YES;
				SDKROOT = iphoneos;
				SWIFT_COMPILATION_MODE = wholemodule;
				SWIFT_OPTIMIZATION_LEVEL = "-O";
				VALIDATE_PRODUCT = YES;
			};
			name = Release;
		};
		DBF344F2298CFD450019B286 /* Debug */ = {
			isa = XCBuildConfiguration;
			buildSettings = {
				ASSETCATALOG_COMPILER_APPICON_NAME = AppIcon;
				ASSETCATALOG_COMPILER_GLOBAL_ACCENT_COLOR_NAME = AccentColor;
				CODE_SIGN_STYLE = Automatic;
				CURRENT_PROJECT_VERSION = 1;
				DEVELOPMENT_ASSET_PATHS = "";
				DEVELOPMENT_TEAM = 79399T3H3C;
				GENERATE_INFOPLIST_FILE = YES;
				INFOPLIST_FILE = NoodoeInterview/Resources/Info.plist;
				INFOPLIST_KEY_UIApplicationSupportsIndirectInputEvents = YES;
				INFOPLIST_KEY_UILaunchStoryboardName = LaunchScreen;
				INFOPLIST_KEY_UISupportedInterfaceOrientations = UIInterfaceOrientationPortrait;
				IPHONEOS_DEPLOYMENT_TARGET = 13.0;
				LD_RUNPATH_SEARCH_PATHS = (
					"$(inherited)",
					"@executable_path/Frameworks",
				);
				MARKETING_VERSION = 1.0;
				PRODUCT_BUNDLE_IDENTIFIER = com.ycstudio.NoodoeInterview;
				PRODUCT_NAME = "$(TARGET_NAME)";
				SWIFT_EMIT_LOC_STRINGS = YES;
				SWIFT_VERSION = 5.0;
				TARGETED_DEVICE_FAMILY = "1,2";
			};
			name = Debug;
		};
		DBF344F3298CFD450019B286 /* Release */ = {
			isa = XCBuildConfiguration;
			buildSettings = {
				ASSETCATALOG_COMPILER_APPICON_NAME = AppIcon;
				ASSETCATALOG_COMPILER_GLOBAL_ACCENT_COLOR_NAME = AccentColor;
				CODE_SIGN_STYLE = Automatic;
				CURRENT_PROJECT_VERSION = 1;
				DEVELOPMENT_ASSET_PATHS = "";
				DEVELOPMENT_TEAM = 79399T3H3C;
				GENERATE_INFOPLIST_FILE = YES;
				INFOPLIST_FILE = NoodoeInterview/Resources/Info.plist;
				INFOPLIST_KEY_UIApplicationSupportsIndirectInputEvents = YES;
				INFOPLIST_KEY_UILaunchStoryboardName = LaunchScreen;
				INFOPLIST_KEY_UISupportedInterfaceOrientations = UIInterfaceOrientationPortrait;
				IPHONEOS_DEPLOYMENT_TARGET = 13.0;
				LD_RUNPATH_SEARCH_PATHS = (
					"$(inherited)",
					"@executable_path/Frameworks",
				);
				MARKETING_VERSION = 1.0;
				PRODUCT_BUNDLE_IDENTIFIER = com.ycstudio.NoodoeInterview;
				PRODUCT_NAME = "$(TARGET_NAME)";
				SWIFT_EMIT_LOC_STRINGS = YES;
				SWIFT_VERSION = 5.0;
				TARGETED_DEVICE_FAMILY = "1,2";
			};
			name = Release;
		};
		DBF344F5298CFD450019B286 /* Debug */ = {
			isa = XCBuildConfiguration;
			buildSettings = {
				ALWAYS_EMBED_SWIFT_STANDARD_LIBRARIES = YES;
				BUNDLE_LOADER = "$(TEST_HOST)";
				CODE_SIGN_STYLE = Automatic;
				CURRENT_PROJECT_VERSION = 1;
				DEVELOPMENT_TEAM = 79399T3H3C;
				GENERATE_INFOPLIST_FILE = YES;
				IPHONEOS_DEPLOYMENT_TARGET = 16.2;
				MARKETING_VERSION = 1.0;
				PRODUCT_BUNDLE_IDENTIFIER = com.ycstudio.NoodoeInterviewTests;
				PRODUCT_NAME = "$(TARGET_NAME)";
				SWIFT_EMIT_LOC_STRINGS = NO;
				SWIFT_VERSION = 5.0;
				TARGETED_DEVICE_FAMILY = "1,2";
				TEST_HOST = "$(BUILT_PRODUCTS_DIR)/NoodoeInterview.app/$(BUNDLE_EXECUTABLE_FOLDER_PATH)/NoodoeInterview";
			};
			name = Debug;
		};
		DBF344F6298CFD450019B286 /* Release */ = {
			isa = XCBuildConfiguration;
			buildSettings = {
				ALWAYS_EMBED_SWIFT_STANDARD_LIBRARIES = YES;
				BUNDLE_LOADER = "$(TEST_HOST)";
				CODE_SIGN_STYLE = Automatic;
				CURRENT_PROJECT_VERSION = 1;
				DEVELOPMENT_TEAM = 79399T3H3C;
				GENERATE_INFOPLIST_FILE = YES;
				IPHONEOS_DEPLOYMENT_TARGET = 16.2;
				MARKETING_VERSION = 1.0;
				PRODUCT_BUNDLE_IDENTIFIER = com.ycstudio.NoodoeInterviewTests;
				PRODUCT_NAME = "$(TARGET_NAME)";
				SWIFT_EMIT_LOC_STRINGS = NO;
				SWIFT_VERSION = 5.0;
				TARGETED_DEVICE_FAMILY = "1,2";
				TEST_HOST = "$(BUILT_PRODUCTS_DIR)/NoodoeInterview.app/$(BUNDLE_EXECUTABLE_FOLDER_PATH)/NoodoeInterview";
			};
			name = Release;
		};
		DBF344F8298CFD450019B286 /* Debug */ = {
			isa = XCBuildConfiguration;
			buildSettings = {
				ALWAYS_EMBED_SWIFT_STANDARD_LIBRARIES = YES;
				CODE_SIGN_STYLE = Automatic;
				CURRENT_PROJECT_VERSION = 1;
				DEVELOPMENT_TEAM = 79399T3H3C;
				GENERATE_INFOPLIST_FILE = YES;
				MARKETING_VERSION = 1.0;
				PRODUCT_BUNDLE_IDENTIFIER = com.ycstudio.NoodoeInterviewUITests;
				PRODUCT_NAME = "$(TARGET_NAME)";
				SWIFT_EMIT_LOC_STRINGS = NO;
				SWIFT_VERSION = 5.0;
				TARGETED_DEVICE_FAMILY = "1,2";
				TEST_TARGET_NAME = NoodoeInterview;
			};
			name = Debug;
		};
		DBF344F9298CFD450019B286 /* Release */ = {
			isa = XCBuildConfiguration;
			buildSettings = {
				ALWAYS_EMBED_SWIFT_STANDARD_LIBRARIES = YES;
				CODE_SIGN_STYLE = Automatic;
				CURRENT_PROJECT_VERSION = 1;
				DEVELOPMENT_TEAM = 79399T3H3C;
				GENERATE_INFOPLIST_FILE = YES;
				MARKETING_VERSION = 1.0;
				PRODUCT_BUNDLE_IDENTIFIER = com.ycstudio.NoodoeInterviewUITests;
				PRODUCT_NAME = "$(TARGET_NAME)";
				SWIFT_EMIT_LOC_STRINGS = NO;
				SWIFT_VERSION = 5.0;
				TARGETED_DEVICE_FAMILY = "1,2";
				TEST_TARGET_NAME = NoodoeInterview;
			};
			name = Release;
		};
/* End XCBuildConfiguration section */

/* Begin XCConfigurationList section */
		DBF344C2298CFD430019B286 /* Build configuration list for PBXProject "NoodoeInterview" */ = {
			isa = XCConfigurationList;
			buildConfigurations = (
				DBF344EF298CFD450019B286 /* Debug */,
				DBF344F0298CFD450019B286 /* Release */,
			);
			defaultConfigurationIsVisible = 0;
			defaultConfigurationName = Release;
		};
		DBF344F1298CFD450019B286 /* Build configuration list for PBXNativeTarget "NoodoeInterview" */ = {
			isa = XCConfigurationList;
			buildConfigurations = (
				DBF344F2298CFD450019B286 /* Debug */,
				DBF344F3298CFD450019B286 /* Release */,
			);
			defaultConfigurationIsVisible = 0;
			defaultConfigurationName = Release;
		};
		DBF344F4298CFD450019B286 /* Build configuration list for PBXNativeTarget "NoodoeInterviewTests" */ = {
			isa = XCConfigurationList;
			buildConfigurations = (
				DBF344F5298CFD450019B286 /* Debug */,
				DBF344F6298CFD450019B286 /* Release */,
			);
			defaultConfigurationIsVisible = 0;
			defaultConfigurationName = Release;
		};
		DBF344F7298CFD450019B286 /* Build configuration list for PBXNativeTarget "NoodoeInterviewUITests" */ = {
			isa = XCConfigurationList;
			buildConfigurations = (
				DBF344F8298CFD450019B286 /* Debug */,
				DBF344F9298CFD450019B286 /* Release */,
			);
			defaultConfigurationIsVisible = 0;
			defaultConfigurationName = Release;
		};
/* End XCConfigurationList section */
	};
	rootObject = DBF344BF298CFD430019B286 /* Project object */;
}
